{
    "_readme": [
        "This file locks the dependencies of your project to a known state",
        "Read more about it at https://getcomposer.org/doc/01-basic-usage.md#installing-dependencies",
        "This file is @generated automatically"
    ],
    "content-hash": "a058e5d8bc89c36fecff14a0b42ade3c",
    "packages": [
        {
            "name": "codeigniter4/framework",
            "version": "v4.3.6",
            "source": {
                "type": "git",
                "url": "https://github.com/codeigniter4/framework.git",
                "reference": "e3921233a20daf05ae9d2b50ca41ce97748e1d6d"
            },
            "dist": {
                "type": "zip",
                "url": "https://api.github.com/repos/codeigniter4/framework/zipball/e3921233a20daf05ae9d2b50ca41ce97748e1d6d",
                "reference": "e3921233a20daf05ae9d2b50ca41ce97748e1d6d",
                "shasum": ""
            },
            "require": {
                "ext-intl": "*",
                "ext-json": "*",
                "ext-mbstring": "*",
                "laminas/laminas-escaper": "^2.9",
                "php": "^7.4 || ^8.0",
                "psr/log": "^1.1"
            },
            "require-dev": {
                "codeigniter/coding-standard": "^1.5",
                "fakerphp/faker": "^1.9",
                "friendsofphp/php-cs-fixer": "3.13.0",
                "kint-php/kint": "^5.0.4",
                "mikey179/vfsstream": "^1.6",
                "nexusphp/cs-config": "^3.6",
                "phpunit/phpunit": "^9.1",
                "predis/predis": "^1.1 || ^2.0"
            },
            "suggest": {
                "ext-curl": "If you use CURLRequest class",
                "ext-dom": "If you use TestResponse",
                "ext-exif": "If you run Image class tests",
                "ext-fileinfo": "Improves mime type detection for files",
                "ext-gd": "If you use Image class GDHandler",
                "ext-imagick": "If you use Image class ImageMagickHandler",
                "ext-libxml": "If you use TestResponse",
                "ext-memcache": "If you use Cache class MemcachedHandler with Memcache",
                "ext-memcached": "If you use Cache class MemcachedHandler with Memcached",
                "ext-mysqli": "If you use MySQL",
                "ext-oci8": "If you use Oracle Database",
                "ext-pgsql": "If you use PostgreSQL",
                "ext-readline": "Improves CLI::input() usability",
                "ext-redis": "If you use Cache class RedisHandler",
                "ext-simplexml": "If you format XML",
                "ext-sqlite3": "If you use SQLite3",
                "ext-sqlsrv": "If you use SQL Server",
                "ext-xdebug": "If you use CIUnitTestCase::assertHeaderEmitted()"
            },
            "type": "project",
            "autoload": {
                "psr-4": {
                    "CodeIgniter\\": "system/"
                },
                "exclude-from-classmap": [
                    "**/Database/Migrations/**"
                ]
            },
            "notification-url": "https://packagist.org/downloads/",
            "license": [
                "MIT"
            ],
            "description": "The CodeIgniter framework v4",
            "homepage": "https://codeigniter.com",
            "support": {
                "forum": "https://forum.codeigniter.com/",
                "slack": "https://codeigniterchat.slack.com",
                "source": "https://github.com/codeigniter4/CodeIgniter4"
            },
            "time": "2023-06-17T23:13:38+00:00"
        },
        {
            "name": "intervention/httpauth",
            "version": "3.0.3",
            "source": {
                "type": "git",
                "url": "https://github.com/Intervention/httpauth.git",
                "reference": "7742aa013e1a72f94379cb6623286f06fa1ea5f7"
            },
            "dist": {
                "type": "zip",
                "url": "https://api.github.com/repos/Intervention/httpauth/zipball/7742aa013e1a72f94379cb6623286f06fa1ea5f7",
                "reference": "7742aa013e1a72f94379cb6623286f06fa1ea5f7",
                "shasum": ""
            },
            "require": {
                "php": "^7.3|^8.0"
            },
            "require-dev": {
                "phpstan/phpstan": "^0.12.11",
                "phpunit/phpunit": "^9.0"
            },
            "type": "library",
            "extra": {
                "laravel": {
                    "providers": [
                        "Intervention\\HttpAuth\\Laravel\\HttpAuthServiceProvider"
                    ],
                    "aliases": {
                        "HttpAuth": "Intervention\\HttpAuth\\Laravel\\Facades\\HttpAuth"
                    }
                }
            },
            "autoload": {
                "psr-4": {
                    "Intervention\\HttpAuth\\": "src/"
                }
            },
            "notification-url": "https://packagist.org/downloads/",
            "license": [
                "MIT"
            ],
            "authors": [
                {
                    "name": "Oliver Vogel",
                    "email": "oliver@olivervogel.com",
                    "homepage": "https://olivervogel.com/"
                }
            ],
            "description": "HTTP authentication (Basic & Digest) including ServiceProviders for easy Laravel integration",
            "homepage": "https://github.com/Intervention/httpauth",
            "keywords": [
                "Authentication",
                "http",
                "laravel"
            ],
            "support": {
                "issues": "https://github.com/Intervention/httpauth/issues",
                "source": "https://github.com/Intervention/httpauth/tree/3.0.3"
            },
            "time": "2021-01-22T15:08:35+00:00"
        },
        {
            "name": "laminas/laminas-escaper",
            "version": "2.12.0",
            "source": {
                "type": "git",
                "url": "https://github.com/laminas/laminas-escaper.git",
                "reference": "ee7a4c37bf3d0e8c03635d5bddb5bb3184ead490"
            },
            "dist": {
                "type": "zip",
                "url": "https://api.github.com/repos/laminas/laminas-escaper/zipball/ee7a4c37bf3d0e8c03635d5bddb5bb3184ead490",
                "reference": "ee7a4c37bf3d0e8c03635d5bddb5bb3184ead490",
                "shasum": ""
            },
            "require": {
                "ext-ctype": "*",
                "ext-mbstring": "*",
                "php": "^7.4 || ~8.0.0 || ~8.1.0 || ~8.2.0"
            },
            "conflict": {
                "zendframework/zend-escaper": "*"
            },
            "require-dev": {
                "infection/infection": "^0.26.6",
                "laminas/laminas-coding-standard": "~2.4.0",
                "maglnet/composer-require-checker": "^3.8.0",
                "phpunit/phpunit": "^9.5.18",
                "psalm/plugin-phpunit": "^0.17.0",
                "vimeo/psalm": "^4.22.0"
            },
            "type": "library",
            "autoload": {
                "psr-4": {
                    "Laminas\\Escaper\\": "src/"
                }
            },
            "notification-url": "https://packagist.org/downloads/",
            "license": [
                "BSD-3-Clause"
            ],
            "description": "Securely and safely escape HTML, HTML attributes, JavaScript, CSS, and URLs",
            "homepage": "https://laminas.dev",
            "keywords": [
                "escaper",
                "laminas"
            ],
            "support": {
                "chat": "https://laminas.dev/chat",
                "docs": "https://docs.laminas.dev/laminas-escaper/",
                "forum": "https://discourse.laminas.dev",
                "issues": "https://github.com/laminas/laminas-escaper/issues",
                "rss": "https://github.com/laminas/laminas-escaper/releases.atom",
                "source": "https://github.com/laminas/laminas-escaper"
            },
            "funding": [
                {
                    "url": "https://funding.communitybridge.org/projects/laminas-project",
                    "type": "community_bridge"
                }
            ],
            "time": "2022-10-10T10:11:09+00:00"
        },
        {
            "name": "marcusschwarz/lesserphp",
            "version": "v0.5.5",
            "source": {
                "type": "git",
                "url": "https://github.com/MarcusSchwarz/lesserphp.git",
                "reference": "77ba82b5218ff228267d3b0e5ec8697be75e86a7"
            },
            "dist": {
                "type": "zip",
                "url": "https://api.github.com/repos/MarcusSchwarz/lesserphp/zipball/77ba82b5218ff228267d3b0e5ec8697be75e86a7",
                "reference": "77ba82b5218ff228267d3b0e5ec8697be75e86a7",
                "shasum": ""
            },
            "require-dev": {
                "phpunit/phpunit": ">=4.8.35 <8"
            },
            "bin": [
                "plessc"
            ],
            "type": "library",
            "extra": {
                "branch-alias": {
                    "dev-master": "0.5.1-dev"
                }
            },
            "autoload": {
                "classmap": [
                    "lessc.inc.php"
                ]
            },
            "notification-url": "https://packagist.org/downloads/",
            "license": [
                "MIT",
                "GPL-3.0"
            ],
            "authors": [
                {
                    "name": "Leaf Corcoran",
                    "email": "leafot@gmail.com",
                    "homepage": "http://leafo.net"
                },
                {
                    "name": "Marcus Schwarz",
                    "email": "github@maswaba.de",
                    "homepage": "https://www.maswaba.de"
                }
            ],
            "description": "lesserphp is a compiler for LESS written in PHP based on leafo's lessphp.",
            "homepage": "http://leafo.net/lessphp/",
            "support": {
                "issues": "https://github.com/MarcusSchwarz/lesserphp/issues",
                "source": "https://github.com/MarcusSchwarz/lesserphp/tree/v0.5.5"
            },
            "time": "2021-03-10T17:56:57+00:00"
        },
        {
            "name": "monolog/monolog",
            "version": "2.9.1",
            "source": {
                "type": "git",
                "url": "https://github.com/Seldaek/monolog.git",
                "reference": "f259e2b15fb95494c83f52d3caad003bbf5ffaa1"
            },
            "dist": {
                "type": "zip",
                "url": "https://api.github.com/repos/Seldaek/monolog/zipball/f259e2b15fb95494c83f52d3caad003bbf5ffaa1",
                "reference": "f259e2b15fb95494c83f52d3caad003bbf5ffaa1",
                "shasum": ""
            },
            "require": {
                "php": ">=7.2",
                "psr/log": "^1.0.1 || ^2.0 || ^3.0"
            },
            "provide": {
                "psr/log-implementation": "1.0.0 || 2.0.0 || 3.0.0"
            },
            "require-dev": {
                "aws/aws-sdk-php": "^2.4.9 || ^3.0",
                "doctrine/couchdb": "~1.0@dev",
                "elasticsearch/elasticsearch": "^7 || ^8",
                "ext-json": "*",
                "graylog2/gelf-php": "^1.4.2 || ^2@dev",
                "guzzlehttp/guzzle": "^7.4",
                "guzzlehttp/psr7": "^2.2",
                "mongodb/mongodb": "^1.8",
                "php-amqplib/php-amqplib": "~2.4 || ^3",
                "phpspec/prophecy": "^1.15",
                "phpstan/phpstan": "^0.12.91",
                "phpunit/phpunit": "^8.5.14",
                "predis/predis": "^1.1 || ^2.0",
                "rollbar/rollbar": "^1.3 || ^2 || ^3",
                "ruflin/elastica": "^7",
                "swiftmailer/swiftmailer": "^5.3|^6.0",
                "symfony/mailer": "^5.4 || ^6",
                "symfony/mime": "^5.4 || ^6"
            },
            "suggest": {
                "aws/aws-sdk-php": "Allow sending log messages to AWS services like DynamoDB",
                "doctrine/couchdb": "Allow sending log messages to a CouchDB server",
                "elasticsearch/elasticsearch": "Allow sending log messages to an Elasticsearch server via official client",
                "ext-amqp": "Allow sending log messages to an AMQP server (1.0+ required)",
                "ext-curl": "Required to send log messages using the IFTTTHandler, the LogglyHandler, the SendGridHandler, the SlackWebhookHandler or the TelegramBotHandler",
                "ext-mbstring": "Allow to work properly with unicode symbols",
                "ext-mongodb": "Allow sending log messages to a MongoDB server (via driver)",
                "ext-openssl": "Required to send log messages using SSL",
                "ext-sockets": "Allow sending log messages to a Syslog server (via UDP driver)",
                "graylog2/gelf-php": "Allow sending log messages to a GrayLog2 server",
                "mongodb/mongodb": "Allow sending log messages to a MongoDB server (via library)",
                "php-amqplib/php-amqplib": "Allow sending log messages to an AMQP server using php-amqplib",
                "rollbar/rollbar": "Allow sending log messages to Rollbar",
                "ruflin/elastica": "Allow sending log messages to an Elastic Search server"
            },
            "type": "library",
            "extra": {
                "branch-alias": {
                    "dev-main": "2.x-dev"
                }
            },
            "autoload": {
                "psr-4": {
                    "Monolog\\": "src/Monolog"
                }
            },
            "notification-url": "https://packagist.org/downloads/",
            "license": [
                "MIT"
            ],
            "authors": [
                {
                    "name": "Jordi Boggiano",
                    "email": "j.boggiano@seld.be",
                    "homepage": "https://seld.be"
                }
            ],
            "description": "Sends your logs to files, sockets, inboxes, databases and various web services",
            "homepage": "https://github.com/Seldaek/monolog",
            "keywords": [
                "log",
                "logging",
                "psr-3"
            ],
            "support": {
                "issues": "https://github.com/Seldaek/monolog/issues",
                "source": "https://github.com/Seldaek/monolog/tree/2.9.1"
            },
            "funding": [
                {
                    "url": "https://github.com/Seldaek",
                    "type": "github"
                },
                {
                    "url": "https://tidelift.com/funding/github/packagist/monolog/monolog",
                    "type": "tidelift"
                }
            ],
            "time": "2023-02-06T13:44:46+00:00"
        },
        {
            "name": "mrclay/jsmin-php",
            "version": "2.4.3",
            "source": {
                "type": "git",
                "url": "https://github.com/mrclay/jsmin-php.git",
                "reference": "49feaa85933458c15bb62ae65644bf22d60b7610"
            },
            "dist": {
                "type": "zip",
                "url": "https://api.github.com/repos/mrclay/jsmin-php/zipball/49feaa85933458c15bb62ae65644bf22d60b7610",
                "reference": "49feaa85933458c15bb62ae65644bf22d60b7610",
                "shasum": ""
            },
            "require": {
                "ext-pcre": "*",
                "php": ">=5.3.0"
            },
            "require-dev": {
                "phpunit/phpunit": "^4.8.36|^9.5.26"
            },
            "type": "library",
            "autoload": {
                "psr-0": {
                    "JSMin\\": "src/"
                }
            },
            "notification-url": "https://packagist.org/downloads/",
            "license": [
                "MIT"
            ],
            "authors": [
                {
                    "name": "Stephen Clay",
                    "email": "steve@mrclay.org",
                    "role": "Developer"
                },
                {
                    "name": "Ryan Grove",
                    "email": "ryan@wonko.com",
                    "role": "Developer"
                }
            ],
            "description": "Provides a modified port of Douglas Crockford's jsmin.c, which removes unnecessary whitespace from JavaScript files.",
            "homepage": "https://github.com/mrclay/jsmin-php/",
            "keywords": [
                "compress",
                "jsmin",
                "minify"
            ],
            "support": {
                "email": "minify@googlegroups.com",
                "issues": "https://github.com/mrclay/jsmin-php/issues",
                "source": "https://github.com/mrclay/jsmin-php/tree/2.4.3"
            },
            "time": "2022-12-13T20:15:15+00:00"
        },
        {
            "name": "mrclay/minify",
            "version": "3.0.14",
            "source": {
                "type": "git",
                "url": "https://github.com/mrclay/minify.git",
                "reference": "dc02cdfba70737828c947fde33bc3f8235a742f5"
            },
            "dist": {
                "type": "zip",
                "url": "https://api.github.com/repos/mrclay/minify/zipball/dc02cdfba70737828c947fde33bc3f8235a742f5",
                "reference": "dc02cdfba70737828c947fde33bc3f8235a742f5",
                "shasum": ""
            },
            "require": {
                "ext-pcre": "*",
                "intervention/httpauth": "^2.0|^3.0",
                "marcusschwarz/lesserphp": "^0.5.5",
                "monolog/monolog": "~1.1|~2.0|~3.0",
                "mrclay/jsmin-php": "~2",
                "mrclay/props-dic": "^2.2|^3.0",
                "php": "^5.3.0 || ^7.0 || ^8.0",
                "tubalmartin/cssmin": "~4"
            },
            "require-dev": {
                "firephp/firephp-core": "~0.4.0",
                "leafo/scssphp": "^0.3 || ^0.6 || ^0.7",
                "meenie/javascript-packer": "~1.1",
                "phpunit/phpunit": "^4.8.36",
                "tedivm/jshrink": "~1.1.0"
            },
            "suggest": {
                "firephp/firephp-core": "Use FirePHP for Log messages",
                "meenie/javascript-packer": "Keep track of the Packer PHP port using Composer"
            },
            "type": "library",
            "extra": {
                "branch-alias": {
                    "dev-master": "3.0.x-dev"
                }
            },
            "autoload": {
                "classmap": [
                    "lib/"
                ]
            },
            "notification-url": "https://packagist.org/downloads/",
            "license": [
                "BSD-3-Clause"
            ],
            "authors": [
                {
                    "name": "Stephen Clay",
                    "email": "steve@mrclay.org",
                    "role": "Developer"
                }
            ],
            "description": "Minify is a PHP app that helps you follow several rules for client-side performance. It combines multiple CSS or Javascript files, removes unnecessary whitespace and comments, and serves them with gzip encoding and optimal client-side cache headers",
            "homepage": "https://github.com/mrclay/minify",
            "support": {
                "email": "minify@googlegroups.com",
                "issues": "https://github.com/mrclay/minify/issues",
                "source": "https://github.com/mrclay/minify/tree/3.0.14",
                "wiki": "https://github.com/mrclay/minify/blob/master/docs"
            },
            "time": "2023-05-05T12:03:06+00:00"
        },
        {
            "name": "mrclay/props-dic",
            "version": "3.0.0",
            "source": {
                "type": "git",
                "url": "https://github.com/mrclay/Props.git",
                "reference": "0b0fd254e33e2d60bc2bcd7867f2ab3cdd05a843"
            },
            "dist": {
                "type": "zip",
                "url": "https://api.github.com/repos/mrclay/Props/zipball/0b0fd254e33e2d60bc2bcd7867f2ab3cdd05a843",
                "reference": "0b0fd254e33e2d60bc2bcd7867f2ab3cdd05a843",
                "shasum": ""
            },
            "require": {
                "php": ">=5.3.3",
                "pimple/pimple": "~3.0",
                "psr/container": "^1.0"
            },
            "require-dev": {
                "phpunit/phpunit": "~4.8"
            },
            "type": "library",
            "autoload": {
                "psr-0": {
                    "Props\\": [
                        "src/"
                    ]
                }
            },
            "notification-url": "https://packagist.org/downloads/",
            "license": [
                "MIT"
            ],
            "authors": [
                {
                    "name": "Steve Clay",
                    "email": "steve@mrclay.org",
                    "homepage": "http://www.mrclay.org/"
                }
            ],
            "description": "Props is a simple DI container that allows retrieving values via custom property and method names",
            "keywords": [
                "container",
                "dependency injection",
                "dependency injection container",
                "di",
                "di container"
            ],
            "support": {
                "issues": "https://github.com/mrclay/Props/issues",
                "source": "https://github.com/mrclay/Props/tree/master"
            },
            "time": "2019-11-26T17:56:10+00:00"
        },
        {
            "name": "pimple/pimple",
            "version": "v3.5.0",
            "source": {
                "type": "git",
                "url": "https://github.com/silexphp/Pimple.git",
                "reference": "a94b3a4db7fb774b3d78dad2315ddc07629e1bed"
            },
            "dist": {
                "type": "zip",
                "url": "https://api.github.com/repos/silexphp/Pimple/zipball/a94b3a4db7fb774b3d78dad2315ddc07629e1bed",
                "reference": "a94b3a4db7fb774b3d78dad2315ddc07629e1bed",
                "shasum": ""
            },
            "require": {
                "php": ">=7.2.5",
                "psr/container": "^1.1 || ^2.0"
            },
            "require-dev": {
                "symfony/phpunit-bridge": "^5.4@dev"
            },
            "type": "library",
            "extra": {
                "branch-alias": {
                    "dev-master": "3.4.x-dev"
                }
            },
            "autoload": {
                "psr-0": {
                    "Pimple": "src/"
                }
            },
            "notification-url": "https://packagist.org/downloads/",
            "license": [
                "MIT"
            ],
            "authors": [
                {
                    "name": "Fabien Potencier",
                    "email": "fabien@symfony.com"
                }
            ],
            "description": "Pimple, a simple Dependency Injection Container",
            "homepage": "https://pimple.symfony.com",
            "keywords": [
                "container",
                "dependency injection"
            ],
            "support": {
                "source": "https://github.com/silexphp/Pimple/tree/v3.5.0"
            },
            "time": "2021-10-28T11:13:42+00:00"
        },
        {
            "name": "psr/container",
            "version": "1.1.2",
            "source": {
                "type": "git",
                "url": "https://github.com/php-fig/container.git",
                "reference": "513e0666f7216c7459170d56df27dfcefe1689ea"
            },
            "dist": {
                "type": "zip",
                "url": "https://api.github.com/repos/php-fig/container/zipball/513e0666f7216c7459170d56df27dfcefe1689ea",
                "reference": "513e0666f7216c7459170d56df27dfcefe1689ea",
                "shasum": ""
            },
            "require": {
                "php": ">=7.4.0"
            },
            "type": "library",
            "autoload": {
                "psr-4": {
                    "Psr\\Container\\": "src/"
                }
            },
            "notification-url": "https://packagist.org/downloads/",
            "license": [
                "MIT"
            ],
            "authors": [
                {
                    "name": "PHP-FIG",
                    "homepage": "https://www.php-fig.org/"
                }
            ],
            "description": "Common Container Interface (PHP FIG PSR-11)",
            "homepage": "https://github.com/php-fig/container",
            "keywords": [
                "PSR-11",
                "container",
                "container-interface",
                "container-interop",
                "psr"
            ],
            "support": {
                "issues": "https://github.com/php-fig/container/issues",
                "source": "https://github.com/php-fig/container/tree/1.1.2"
            },
            "time": "2021-11-05T16:50:12+00:00"
        },
        {
            "name": "psr/log",
            "version": "1.1.4",
            "source": {
                "type": "git",
                "url": "https://github.com/php-fig/log.git",
                "reference": "d49695b909c3b7628b6289db5479a1c204601f11"
            },
            "dist": {
                "type": "zip",
                "url": "https://api.github.com/repos/php-fig/log/zipball/d49695b909c3b7628b6289db5479a1c204601f11",
                "reference": "d49695b909c3b7628b6289db5479a1c204601f11",
                "shasum": ""
            },
            "require": {
                "php": ">=5.3.0"
            },
            "type": "library",
            "extra": {
                "branch-alias": {
                    "dev-master": "1.1.x-dev"
                }
            },
            "autoload": {
                "psr-4": {
                    "Psr\\Log\\": "Psr/Log/"
                }
            },
            "notification-url": "https://packagist.org/downloads/",
            "license": [
                "MIT"
            ],
            "authors": [
                {
                    "name": "PHP-FIG",
                    "homepage": "https://www.php-fig.org/"
                }
            ],
            "description": "Common interface for logging libraries",
            "homepage": "https://github.com/php-fig/log",
            "keywords": [
                "log",
                "psr",
                "psr-3"
            ],
            "support": {
                "source": "https://github.com/php-fig/log/tree/1.1.4"
            },
            "time": "2021-05-03T11:20:27+00:00"
        },
        {
            "name": "tubalmartin/cssmin",
            "version": "v4.1.1",
            "source": {
                "type": "git",
                "url": "https://github.com/tubalmartin/YUI-CSS-compressor-PHP-port.git",
                "reference": "3cbf557f4079d83a06f9c3ff9b957c022d7805cf"
            },
            "dist": {
                "type": "zip",
                "url": "https://api.github.com/repos/tubalmartin/YUI-CSS-compressor-PHP-port/zipball/3cbf557f4079d83a06f9c3ff9b957c022d7805cf",
                "reference": "3cbf557f4079d83a06f9c3ff9b957c022d7805cf",
                "shasum": ""
            },
            "require": {
                "ext-pcre": "*",
                "php": ">=5.3.2"
            },
            "require-dev": {
                "cogpowered/finediff": "0.3.*",
                "phpunit/phpunit": "4.8.*"
            },
            "bin": [
                "cssmin"
            ],
            "type": "library",
            "autoload": {
                "psr-4": {
                    "tubalmartin\\CssMin\\": "src"
                }
            },
            "notification-url": "https://packagist.org/downloads/",
            "license": [
                "BSD-3-Clause"
            ],
            "authors": [
                {
                    "name": "Túbal Martín",
                    "homepage": "http://tubalmartin.me/"
                }
            ],
            "description": "A PHP port of the YUI CSS compressor",
            "homepage": "https://github.com/tubalmartin/YUI-CSS-compressor-PHP-port",
            "keywords": [
                "compress",
                "compressor",
                "css",
                "cssmin",
                "minify",
                "yui"
            ],
            "support": {
                "issues": "https://github.com/tubalmartin/YUI-CSS-compressor-PHP-port/issues",
                "source": "https://github.com/tubalmartin/YUI-CSS-compressor-PHP-port"
            },
            "time": "2018-01-15T15:26:51+00:00"
        }
    ],
    "packages-dev": [
        {
            "name": "tatter/patches",
            "version": "v2.0.5",
            "source": {
                "type": "git",
                "url": "https://github.com/tattersoftware/codeigniter4-patches.git",
                "reference": "2ab870e5aa4517e480ac479c401211e623aa275c"
            },
            "dist": {
                "type": "zip",
                "url": "https://api.github.com/repos/tattersoftware/codeigniter4-patches/zipball/2ab870e5aa4517e480ac479c401211e623aa275c",
                "reference": "2ab870e5aa4517e480ac479c401211e623aa275c",
                "shasum": ""
            },
            "require": {
                "php": "^7.3 || ^8.0"
            },
            "bin": [
                "src/patch"
            ],
            "type": "library",
            "notification-url": "https://packagist.org/downloads/",
            "license": [
                "MIT"
            ],
            "authors": [
                {
                    "name": "Matthew Gatner",
                    "email": "mgatner@tattersoftware.com",
                    "homepage": "https://tattersoftware.com",
                    "role": "Developer"
                }
            ],
            "description": "Automated project updates for CodeIgniter 4",
            "homepage": "https://github.com/tattersoftware/codeigniter4-patches",
            "keywords": [
                "automatic",
                "autoupdate",
                "codeigniter",
                "codeigniter4",
                "patches",
                "update"
            ],
            "support": {
                "issues": "https://github.com/tattersoftware/codeigniter4-patches/issues",
                "source": "https://github.com/tattersoftware/codeigniter4-patches/tree/v2.0.5"
            },
            "funding": [
                {
                    "url": "https://paypal.me/tatter",
                    "type": "custom"
                },
                {
                    "url": "https://github.com/tattersoftware",
                    "type": "github"
                }
            ],
            "time": "2022-06-30T23:14:51+00:00"
        }
    ],
    "aliases": [],
    "minimum-stability": "stable",
    "stability-flags": [],
    "prefer-stable": false,
    "prefer-lowest": false,
    "platform": {
        "php": ">=7.2"
    },
    "platform-dev": [],
    "plugin-api-version": "2.3.0"
}
